
Microsoft Visual Studio Solution File, Format Version 12.00
# Visual Studio Version 17
VisualStudioVersion = 17.3.32825.248
MinimumVisualStudioVersion = 10.0.40219.1
Project("{9A19103F-16F7-4668-BE54-9A1E7A4F7556}") = "22_generate_parentheses", "22_generate_parentheses\22_generate_parentheses.csproj", "{6EC12901-94A2-48D1-A5F2-C28096A00980}"
EndProject
Project("{9A19103F-16F7-4668-BE54-9A1E7A4F7556}") = "sorts", "sorts\sorts.csproj", "{D6847FB8-A648-421E-9767-F1CC78BBB039}"
EndProject
Project("{9A19103F-16F7-4668-BE54-9A1E7A4F7556}") = "658_find_k_closest_elements", "658_find_k_closest_elements\658_find_k_closest_elements.csproj", "{20CC1DBC-7149-49A7-8718-AB711B6FAE22}"
EndProject
Project("{9A19103F-16F7-4668-BE54-9A1E7A4F7556}") = "trees", "trees\trees.csproj", "{6CC5DEE7-1E00-49F7-8C06-6952F6C5C7A1}"
EndProject
Project("{9A19103F-16F7-4668-BE54-9A1E7A4F7556}") = "lists", "lists\lists.csproj", "{DD0F6FE4-3CEA-437B-B371-BC7F0FA66977}"
EndProject
Project("{9A19103F-16F7-4668-BE54-9A1E7A4F7556}") = "141_linked_list_cycle", "141_linked_list_cycle\141_linked_list_cycle.csproj", "{4332E17E-ABE6-4718-AEED-B404654B2E5B}"
EndProject
Project("{9A19103F-16F7-4668-BE54-9A1E7A4F7556}") = "2_add_two_numbers", "2_add_two_numbers\2_add_two_numbers.csproj", "{45DEE264-51C9-48D0-A802-60325BE9D9E3}"
EndProject
Project("{9A19103F-16F7-4668-BE54-9A1E7A4F7556}") = "206_reverse_linked_list", "206_reverse_linked_list\206_reverse_linked_list.csproj", "{90E3FA3A-CE41-474E-9A2D-F14B2E2BF875}"
EndProject
Project("{9A19103F-16F7-4668-BE54-9A1E7A4F7556}") = "704_binary_search", "704_binary_search\704_binary_search.csproj", "{6703E931-B37A-4420-BBD3-374FF45E0BBC}"
EndProject
Project("{9A19103F-16F7-4668-BE54-9A1E7A4F7556}") = "702_Search_sorted_array_unknown_size", "702_Search_sorted_array_unknown_size\702_Search_sorted_array_unknown_size.csproj", "{C23EE4E1-3F1A-4F4E-B0F6-CCFCAA920844}"
EndProject
Project("{9A19103F-16F7-4668-BE54-9A1E7A4F7556}") = "374_guess_number_higher_or_lower", "374_guess_number_higher_or_lower\374_guess_number_higher_or_lower.csproj", "{5A3AF57F-B641-4D4B-ACB6-D9A3D1BE6241}"
EndProject
Project("{9A19103F-16F7-4668-BE54-9A1E7A4F7556}") = "74_search_2d_matrix", "74_search_2d_matrix\74_search_2d_matrix.csproj", "{E178E6B5-CDCC-460E-980B-355308A32F9D}"
EndProject
Project("{9A19103F-16F7-4668-BE54-9A1E7A4F7556}") = "33_search_in_rotated_sorted_array", "33_search_in_rotated_sorted_array\33_search_in_rotated_sorted_array.csproj", "{F604AAF3-18AD-4096-9A1E-E1DC7DE061F2}"
EndProject
Project("{9A19103F-16F7-4668-BE54-9A1E7A4F7556}") = "81_search_rotated_sorted_array_2", "81_search_rotated_sorted_array_2\81_search_rotated_sorted_array_2.csproj", "{2556952B-2967-46AB-8A29-D9E8AFA3EA64}"
EndProject
Project("{9A19103F-16F7-4668-BE54-9A1E7A4F7556}") = "136_single_number", "136_single_number\136_single_number.csproj", "{F79D95DD-F577-4742-B06F-ACAB5F44CB05}"
EndProject
Project("{9A19103F-16F7-4668-BE54-9A1E7A4F7556}") = "1_two_sum", "1_two_sum\1_two_sum.csproj", "{D53DC218-93B7-41F8-AA2A-4957E93C6635}"
EndProject
Project("{9A19103F-16F7-4668-BE54-9A1E7A4F7556}") = "15_3sum", "15_3sum\15_3sum.csproj", "{DA422197-DE7D-4A54-8790-2F0262009505}"
EndProject
Project("{9A19103F-16F7-4668-BE54-9A1E7A4F7556}") = "20_valid_parentheses", "20_valid_parentheses\20_valid_parentheses.csproj", "{64FDAC6E-28F7-4FD8-ACB6-87302A53FD77}"
EndProject
Project("{9A19103F-16F7-4668-BE54-9A1E7A4F7556}") = "18_4Sum", "18_4Sum\18_4Sum.csproj", "{604FBA91-2A5A-4815-BEAF-EFDA47165415}"
EndProject
Project("{9A19103F-16F7-4668-BE54-9A1E7A4F7556}") = "438_find_all_anagrams_in_string", "438_find_all_anagrams_in_string\438_find_all_anagrams_in_string.csproj", "{07881814-375F-4E86-932F-494F64F36FD6}"
EndProject
Project("{9A19103F-16F7-4668-BE54-9A1E7A4F7556}") = "487_max_consecutive_ones_2", "487_max_consecutive_ones_2\487_max_consecutive_ones_2.csproj", "{9B5C5F5C-57AF-4E0A-A856-A31023FE2620}"
EndProject
Project("{9A19103F-16F7-4668-BE54-9A1E7A4F7556}") = "1004_max_consecutive_ones_3", "1004_max_consecutive_ones_3\1004_max_consecutive_ones_3.csproj", "{B5E77E92-4DAC-4037-8622-A7143404206E}"
EndProject
Project("{9A19103F-16F7-4668-BE54-9A1E7A4F7556}") = "104_maximum_depth_of_binary_tree", "104_maximum_depth_of_binary_tree\104_maximum_depth_of_binary_tree.csproj", "{FAFC5A7F-8F41-4724-830D-92AADA3A476E}"
EndProject
Project("{9A19103F-16F7-4668-BE54-9A1E7A4F7556}") = "heap", "heap\heap.csproj", "{8B0821D5-D1DE-458C-87D8-355C954CB6AC}"
EndProject
Project("{9A19103F-16F7-4668-BE54-9A1E7A4F7556}") = "200_number_of_islands", "200_number_of_islands\200_number_of_islands.csproj", "{D2E5D406-CF5D-404C-8A2C-8221615198C5}"
EndProject
Project("{9A19103F-16F7-4668-BE54-9A1E7A4F7556}") = "56_merge_intervals", "56_merge_intervals\56_merge_intervals.csproj", "{C9E39145-B36C-4676-9768-904CDFD0BB80}"
EndProject
Project("{9A19103F-16F7-4668-BE54-9A1E7A4F7556}") = "166_fraction_to_recurring_decimal", "166_fraction_to_recurring_decimal\166_fraction_to_recurring_decimal.csproj", "{CB22D916-CCF4-458F-8E3C-55B8AFB6E87F}"
EndProject
Project("{9A19103F-16F7-4668-BE54-9A1E7A4F7556}") = "347_top_k_frequent_elements", "347_top_k_frequent_elements\347_top_k_frequent_elements.csproj", "{8346CA7F-1827-4AF1-8842-114702C9DC36}"
EndProject
Project("{9A19103F-16F7-4668-BE54-9A1E7A4F7556}") = "692_top_k_frequent_words", "692_top_k_frequent_words\692_top_k_frequent_words.csproj", "{086EF1E5-658D-4456-AD5C-D7A59CFAA668}"
EndProject
Project("{9A19103F-16F7-4668-BE54-9A1E7A4F7556}") = "11_container_with_most_water", "11_container_with_most_water\11_container_with_most_water.csproj", "{3B840DCB-68E0-405F-B9F5-F984C6E00665}"
EndProject
Project("{9A19103F-16F7-4668-BE54-9A1E7A4F7556}") = "763_partition_labels", "763_partition_labels\763_partition_labels.csproj", "{4A499484-AA58-4847-9EE4-2CFCB24A08BC}"
EndProject
Project("{9A19103F-16F7-4668-BE54-9A1E7A4F7556}") = "2405_optimal_partition_of_string", "2405_optimal_partition_of_string\2405_optimal_partition_of_string.csproj", "{0FCB28AA-BFED-4992-8516-073847F57B10}"
EndProject
Project("{9A19103F-16F7-4668-BE54-9A1E7A4F7556}") = "2461_maximum_sum_of_distinct_subarrays_with_length_K", "2461_maximum_sum_of_distinct_subarrays_with_length_K\2461_maximum_sum_of_distinct_subarrays_with_length_K.csproj", "{C1A4CCD3-7EF9-4DAE-A807-8E746DFBFB6B}"
EndProject
Project("{9A19103F-16F7-4668-BE54-9A1E7A4F7556}") = "424_longest_repeating_character_replacement", "424_longest_repeating_character_replacement\424_longest_repeating_character_replacement.csproj", "{6305ED09-F810-4C8E-BC5C-90863833D67C}"
EndProject
Project("{9A19103F-16F7-4668-BE54-9A1E7A4F7556}") = "239_sliding_window_maximum", "239_sliding_window_maximum\239_sliding_window_maximum.csproj", "{9776FE58-14C5-487E-B88C-146313BB65E4}"
EndProject
Project("{9A19103F-16F7-4668-BE54-9A1E7A4F7556}") = "100_same_tree", "100_same_tree\100_same_tree.csproj", "{6D8F4C74-2053-4381-9D52-D02AC13ACDEB}"
EndProject
Project("{9A19103F-16F7-4668-BE54-9A1E7A4F7556}") = "480_sliding_window_median", "480_sliding_window_median\480_sliding_window_median.csproj", "{9DAD8AB0-76E3-4491-A9B5-E89EEF829F16}"
EndProject
Project("{9A19103F-16F7-4668-BE54-9A1E7A4F7556}") = "101_symmetric_tree", "101_symmetric_tree\101_symmetric_tree.csproj", "{3F9B51F4-263F-428A-86F9-1342E7933084}"
EndProject
Project("{9A19103F-16F7-4668-BE54-9A1E7A4F7556}") = "113_path_sum_2", "113_path_sum_2\113_path_sum_2.csproj", "{DA2839BD-0E8C-413E-9DFD-6F24B96D11A2}"
EndProject
Project("{9A19103F-16F7-4668-BE54-9A1E7A4F7556}") = "121_best_time_to_buy_and_sell_stock", "121_best_time_to_buy_and_sell_stock\121_best_time_to_buy_and_sell_stock.csproj", "{75DC3A72-BEA4-4E62-84A7-D72DA0011BE6}"
EndProject
Project("{9A19103F-16F7-4668-BE54-9A1E7A4F7556}") = "122_best_time_to_buy_and_sell_stock_2", "122_best_time_to_buy_and_sell_stock_2\122_best_time_to_buy_and_sell_stock_2.csproj", "{1FB48406-7E63-4F5B-95D7-66006D6C423E}"
EndProject
Project("{9A19103F-16F7-4668-BE54-9A1E7A4F7556}") = "714_best_time_to_buy_sell_stock_with_transaction_fee", "714_best_time_to_buy_sell_stock_with_transaction_fee\714_best_time_to_buy_sell_stock_with_transaction_fee.csproj", "{D673FA93-1905-4D54-B37B-A71370A199A2}"
EndProject
Project("{9A19103F-16F7-4668-BE54-9A1E7A4F7556}") = "283_move_zeroes", "283_move_zeroes\283_move_zeroes.csproj", "{B847F6B7-C518-46FF-9127-08F374F1114A}"
EndProject
Project("{9A19103F-16F7-4668-BE54-9A1E7A4F7556}") = "1051_height_checker", "1051_height_checker\1051_height_checker.csproj", "{9E795332-2A05-47AB-869B-171B1A8E82EF}"
EndProject
Project("{9A19103F-16F7-4668-BE54-9A1E7A4F7556}") = "98_validate_binary_search_tree", "98_validate_binary_search_tree\98_validate_binary_search_tree.csproj", "{6D6541BC-3CAD-4C60-B560-1A4F2A043B70}"
EndProject
Project("{9A19103F-16F7-4668-BE54-9A1E7A4F7556}") = "135_candy", "135_candy\135_candy.csproj", "{86DFFE30-59F9-48E2-8EBE-2532D2F6EE4A}"
EndProject
Project("{9A19103F-16F7-4668-BE54-9A1E7A4F7556}") = "5_longest_palindromic_substring", "5_longest_palindromic_substring\5_longest_palindromic_substring.csproj", "{B5199B81-6236-4E03-B759-C2D0360FDE22}"
EndProject
Project("{9A19103F-16F7-4668-BE54-9A1E7A4F7556}") = "71_simplify_path", "71_simplify_path\71_simplify_path.csproj", "{38265F65-D8AC-4750-980F-0E64C106EA47}"
EndProject
Project("{9A19103F-16F7-4668-BE54-9A1E7A4F7556}") = "146_LRU_cache", "146_LRU_cache\146_LRU_cache.csproj", "{41C4EFB7-F9FA-4AC1-825A-0187CFC013C1}"
EndProject
Project("{9A19103F-16F7-4668-BE54-9A1E7A4F7556}") = "150_evaluate_reverse_polish_notation", "150_evaluate_reverse_polish_notation\150_evaluate_reverse_polish_notation.csproj", "{4524C3A7-A7E0-4120-8ED0-10658AF027D2}"
EndProject
Project("{9A19103F-16F7-4668-BE54-9A1E7A4F7556}") = "161_one_edit_distance", "161_one_edit_distance\161_one_edit_distance.csproj", "{779381D4-C3A4-450C-9B6B-ED4D3A537BB6}"
EndProject
Project("{FAE04EC0-301F-11D3-BF4B-00C04F79EFBC}") = "234_palindrome_linked_list", "234_palindrome_linked_list\234_palindrome_linked_list.csproj", "{8DD96320-B550-4C1A-9BFB-2AFFDFEAF91E}"
EndProject
Project("{FAE04EC0-301F-11D3-BF4B-00C04F79EFBC}") = "340_longest_substring_with_at_most_k_Distinct_characters", "340_longest_substring_with_at_most_k_Distinct_characters\340_longest_substring_with_at_most_k_Distinct_characters.csproj", "{072AC334-BD26-417E-B63F-BCBD2A033CDD}"
EndProject
Project("{FAE04EC0-301F-11D3-BF4B-00C04F79EFBC}") = "356_line_reflection", "356_line_reflection\356_line_reflection.csproj", "{7515FD4B-3EC6-4646-BC57-1D54B3F6A929}"
EndProject
Global
	GlobalSection(SolutionConfigurationPlatforms) = preSolution
		Debug|Any CPU = Debug|Any CPU
		Release|Any CPU = Release|Any CPU
	EndGlobalSection
	GlobalSection(ProjectConfigurationPlatforms) = postSolution
		{6EC12901-94A2-48D1-A5F2-C28096A00980}.Debug|Any CPU.ActiveCfg = Debug|Any CPU
		{6EC12901-94A2-48D1-A5F2-C28096A00980}.Debug|Any CPU.Build.0 = Debug|Any CPU
		{6EC12901-94A2-48D1-A5F2-C28096A00980}.Release|Any CPU.ActiveCfg = Release|Any CPU
		{6EC12901-94A2-48D1-A5F2-C28096A00980}.Release|Any CPU.Build.0 = Release|Any CPU
		{D6847FB8-A648-421E-9767-F1CC78BBB039}.Debug|Any CPU.ActiveCfg = Debug|Any CPU
		{D6847FB8-A648-421E-9767-F1CC78BBB039}.Debug|Any CPU.Build.0 = Debug|Any CPU
		{D6847FB8-A648-421E-9767-F1CC78BBB039}.Release|Any CPU.ActiveCfg = Release|Any CPU
		{D6847FB8-A648-421E-9767-F1CC78BBB039}.Release|Any CPU.Build.0 = Release|Any CPU
		{20CC1DBC-7149-49A7-8718-AB711B6FAE22}.Debug|Any CPU.ActiveCfg = Debug|Any CPU
		{20CC1DBC-7149-49A7-8718-AB711B6FAE22}.Debug|Any CPU.Build.0 = Debug|Any CPU
		{20CC1DBC-7149-49A7-8718-AB711B6FAE22}.Release|Any CPU.ActiveCfg = Release|Any CPU
		{20CC1DBC-7149-49A7-8718-AB711B6FAE22}.Release|Any CPU.Build.0 = Release|Any CPU
		{6CC5DEE7-1E00-49F7-8C06-6952F6C5C7A1}.Debug|Any CPU.ActiveCfg = Debug|Any CPU
		{6CC5DEE7-1E00-49F7-8C06-6952F6C5C7A1}.Debug|Any CPU.Build.0 = Debug|Any CPU
		{6CC5DEE7-1E00-49F7-8C06-6952F6C5C7A1}.Release|Any CPU.ActiveCfg = Release|Any CPU
		{6CC5DEE7-1E00-49F7-8C06-6952F6C5C7A1}.Release|Any CPU.Build.0 = Release|Any CPU
		{DD0F6FE4-3CEA-437B-B371-BC7F0FA66977}.Debug|Any CPU.ActiveCfg = Debug|Any CPU
		{DD0F6FE4-3CEA-437B-B371-BC7F0FA66977}.Debug|Any CPU.Build.0 = Debug|Any CPU
		{DD0F6FE4-3CEA-437B-B371-BC7F0FA66977}.Release|Any CPU.ActiveCfg = Release|Any CPU
		{DD0F6FE4-3CEA-437B-B371-BC7F0FA66977}.Release|Any CPU.Build.0 = Release|Any CPU
		{4332E17E-ABE6-4718-AEED-B404654B2E5B}.Debug|Any CPU.ActiveCfg = Debug|Any CPU
		{4332E17E-ABE6-4718-AEED-B404654B2E5B}.Debug|Any CPU.Build.0 = Debug|Any CPU
		{4332E17E-ABE6-4718-AEED-B404654B2E5B}.Release|Any CPU.ActiveCfg = Release|Any CPU
		{4332E17E-ABE6-4718-AEED-B404654B2E5B}.Release|Any CPU.Build.0 = Release|Any CPU
		{45DEE264-51C9-48D0-A802-60325BE9D9E3}.Debug|Any CPU.ActiveCfg = Debug|Any CPU
		{45DEE264-51C9-48D0-A802-60325BE9D9E3}.Debug|Any CPU.Build.0 = Debug|Any CPU
		{45DEE264-51C9-48D0-A802-60325BE9D9E3}.Release|Any CPU.ActiveCfg = Release|Any CPU
		{45DEE264-51C9-48D0-A802-60325BE9D9E3}.Release|Any CPU.Build.0 = Release|Any CPU
		{90E3FA3A-CE41-474E-9A2D-F14B2E2BF875}.Debug|Any CPU.ActiveCfg = Debug|Any CPU
		{90E3FA3A-CE41-474E-9A2D-F14B2E2BF875}.Debug|Any CPU.Build.0 = Debug|Any CPU
		{90E3FA3A-CE41-474E-9A2D-F14B2E2BF875}.Release|Any CPU.ActiveCfg = Release|Any CPU
		{90E3FA3A-CE41-474E-9A2D-F14B2E2BF875}.Release|Any CPU.Build.0 = Release|Any CPU
		{6703E931-B37A-4420-BBD3-374FF45E0BBC}.Debug|Any CPU.ActiveCfg = Debug|Any CPU
		{6703E931-B37A-4420-BBD3-374FF45E0BBC}.Debug|Any CPU.Build.0 = Debug|Any CPU
		{6703E931-B37A-4420-BBD3-374FF45E0BBC}.Release|Any CPU.ActiveCfg = Release|Any CPU
		{6703E931-B37A-4420-BBD3-374FF45E0BBC}.Release|Any CPU.Build.0 = Release|Any CPU
		{C23EE4E1-3F1A-4F4E-B0F6-CCFCAA920844}.Debug|Any CPU.ActiveCfg = Debug|Any CPU
		{C23EE4E1-3F1A-4F4E-B0F6-CCFCAA920844}.Debug|Any CPU.Build.0 = Debug|Any CPU
		{C23EE4E1-3F1A-4F4E-B0F6-CCFCAA920844}.Release|Any CPU.ActiveCfg = Release|Any CPU
		{C23EE4E1-3F1A-4F4E-B0F6-CCFCAA920844}.Release|Any CPU.Build.0 = Release|Any CPU
		{5A3AF57F-B641-4D4B-ACB6-D9A3D1BE6241}.Debug|Any CPU.ActiveCfg = Debug|Any CPU
		{5A3AF57F-B641-4D4B-ACB6-D9A3D1BE6241}.Debug|Any CPU.Build.0 = Debug|Any CPU
		{5A3AF57F-B641-4D4B-ACB6-D9A3D1BE6241}.Release|Any CPU.ActiveCfg = Release|Any CPU
		{5A3AF57F-B641-4D4B-ACB6-D9A3D1BE6241}.Release|Any CPU.Build.0 = Release|Any CPU
		{E178E6B5-CDCC-460E-980B-355308A32F9D}.Debug|Any CPU.ActiveCfg = Debug|Any CPU
		{E178E6B5-CDCC-460E-980B-355308A32F9D}.Debug|Any CPU.Build.0 = Debug|Any CPU
		{E178E6B5-CDCC-460E-980B-355308A32F9D}.Release|Any CPU.ActiveCfg = Release|Any CPU
		{E178E6B5-CDCC-460E-980B-355308A32F9D}.Release|Any CPU.Build.0 = Release|Any CPU
		{F604AAF3-18AD-4096-9A1E-E1DC7DE061F2}.Debug|Any CPU.ActiveCfg = Debug|Any CPU
		{F604AAF3-18AD-4096-9A1E-E1DC7DE061F2}.Debug|Any CPU.Build.0 = Debug|Any CPU
		{F604AAF3-18AD-4096-9A1E-E1DC7DE061F2}.Release|Any CPU.ActiveCfg = Release|Any CPU
		{F604AAF3-18AD-4096-9A1E-E1DC7DE061F2}.Release|Any CPU.Build.0 = Release|Any CPU
		{2556952B-2967-46AB-8A29-D9E8AFA3EA64}.Debug|Any CPU.ActiveCfg = Debug|Any CPU
		{2556952B-2967-46AB-8A29-D9E8AFA3EA64}.Debug|Any CPU.Build.0 = Debug|Any CPU
		{2556952B-2967-46AB-8A29-D9E8AFA3EA64}.Release|Any CPU.ActiveCfg = Release|Any CPU
		{2556952B-2967-46AB-8A29-D9E8AFA3EA64}.Release|Any CPU.Build.0 = Release|Any CPU
		{F79D95DD-F577-4742-B06F-ACAB5F44CB05}.Debug|Any CPU.ActiveCfg = Debug|Any CPU
		{F79D95DD-F577-4742-B06F-ACAB5F44CB05}.Debug|Any CPU.Build.0 = Debug|Any CPU
		{F79D95DD-F577-4742-B06F-ACAB5F44CB05}.Release|Any CPU.ActiveCfg = Release|Any CPU
		{F79D95DD-F577-4742-B06F-ACAB5F44CB05}.Release|Any CPU.Build.0 = Release|Any CPU
		{D53DC218-93B7-41F8-AA2A-4957E93C6635}.Debug|Any CPU.ActiveCfg = Debug|Any CPU
		{D53DC218-93B7-41F8-AA2A-4957E93C6635}.Debug|Any CPU.Build.0 = Debug|Any CPU
		{D53DC218-93B7-41F8-AA2A-4957E93C6635}.Release|Any CPU.ActiveCfg = Release|Any CPU
		{D53DC218-93B7-41F8-AA2A-4957E93C6635}.Release|Any CPU.Build.0 = Release|Any CPU
		{DA422197-DE7D-4A54-8790-2F0262009505}.Debug|Any CPU.ActiveCfg = Debug|Any CPU
		{DA422197-DE7D-4A54-8790-2F0262009505}.Debug|Any CPU.Build.0 = Debug|Any CPU
		{DA422197-DE7D-4A54-8790-2F0262009505}.Release|Any CPU.ActiveCfg = Release|Any CPU
		{DA422197-DE7D-4A54-8790-2F0262009505}.Release|Any CPU.Build.0 = Release|Any CPU
		{64FDAC6E-28F7-4FD8-ACB6-87302A53FD77}.Debug|Any CPU.ActiveCfg = Debug|Any CPU
		{64FDAC6E-28F7-4FD8-ACB6-87302A53FD77}.Debug|Any CPU.Build.0 = Debug|Any CPU
		{64FDAC6E-28F7-4FD8-ACB6-87302A53FD77}.Release|Any CPU.ActiveCfg = Release|Any CPU
		{64FDAC6E-28F7-4FD8-ACB6-87302A53FD77}.Release|Any CPU.Build.0 = Release|Any CPU
		{604FBA91-2A5A-4815-BEAF-EFDA47165415}.Debug|Any CPU.ActiveCfg = Debug|Any CPU
		{604FBA91-2A5A-4815-BEAF-EFDA47165415}.Debug|Any CPU.Build.0 = Debug|Any CPU
		{604FBA91-2A5A-4815-BEAF-EFDA47165415}.Release|Any CPU.ActiveCfg = Release|Any CPU
		{604FBA91-2A5A-4815-BEAF-EFDA47165415}.Release|Any CPU.Build.0 = Release|Any CPU
		{07881814-375F-4E86-932F-494F64F36FD6}.Debug|Any CPU.ActiveCfg = Debug|Any CPU
		{07881814-375F-4E86-932F-494F64F36FD6}.Debug|Any CPU.Build.0 = Debug|Any CPU
		{07881814-375F-4E86-932F-494F64F36FD6}.Release|Any CPU.ActiveCfg = Release|Any CPU
		{07881814-375F-4E86-932F-494F64F36FD6}.Release|Any CPU.Build.0 = Release|Any CPU
		{9B5C5F5C-57AF-4E0A-A856-A31023FE2620}.Debug|Any CPU.ActiveCfg = Debug|Any CPU
		{9B5C5F5C-57AF-4E0A-A856-A31023FE2620}.Debug|Any CPU.Build.0 = Debug|Any CPU
		{9B5C5F5C-57AF-4E0A-A856-A31023FE2620}.Release|Any CPU.ActiveCfg = Release|Any CPU
		{9B5C5F5C-57AF-4E0A-A856-A31023FE2620}.Release|Any CPU.Build.0 = Release|Any CPU
		{B5E77E92-4DAC-4037-8622-A7143404206E}.Debug|Any CPU.ActiveCfg = Debug|Any CPU
		{B5E77E92-4DAC-4037-8622-A7143404206E}.Debug|Any CPU.Build.0 = Debug|Any CPU
		{B5E77E92-4DAC-4037-8622-A7143404206E}.Release|Any CPU.ActiveCfg = Release|Any CPU
		{B5E77E92-4DAC-4037-8622-A7143404206E}.Release|Any CPU.Build.0 = Release|Any CPU
		{FAFC5A7F-8F41-4724-830D-92AADA3A476E}.Debug|Any CPU.ActiveCfg = Debug|Any CPU
		{FAFC5A7F-8F41-4724-830D-92AADA3A476E}.Debug|Any CPU.Build.0 = Debug|Any CPU
		{FAFC5A7F-8F41-4724-830D-92AADA3A476E}.Release|Any CPU.ActiveCfg = Release|Any CPU
		{FAFC5A7F-8F41-4724-830D-92AADA3A476E}.Release|Any CPU.Build.0 = Release|Any CPU
		{8B0821D5-D1DE-458C-87D8-355C954CB6AC}.Debug|Any CPU.ActiveCfg = Debug|Any CPU
		{8B0821D5-D1DE-458C-87D8-355C954CB6AC}.Debug|Any CPU.Build.0 = Debug|Any CPU
		{8B0821D5-D1DE-458C-87D8-355C954CB6AC}.Release|Any CPU.ActiveCfg = Release|Any CPU
		{8B0821D5-D1DE-458C-87D8-355C954CB6AC}.Release|Any CPU.Build.0 = Release|Any CPU
		{D2E5D406-CF5D-404C-8A2C-8221615198C5}.Debug|Any CPU.ActiveCfg = Debug|Any CPU
		{D2E5D406-CF5D-404C-8A2C-8221615198C5}.Debug|Any CPU.Build.0 = Debug|Any CPU
		{D2E5D406-CF5D-404C-8A2C-8221615198C5}.Release|Any CPU.ActiveCfg = Release|Any CPU
		{D2E5D406-CF5D-404C-8A2C-8221615198C5}.Release|Any CPU.Build.0 = Release|Any CPU
		{C9E39145-B36C-4676-9768-904CDFD0BB80}.Debug|Any CPU.ActiveCfg = Debug|Any CPU
		{C9E39145-B36C-4676-9768-904CDFD0BB80}.Debug|Any CPU.Build.0 = Debug|Any CPU
		{C9E39145-B36C-4676-9768-904CDFD0BB80}.Release|Any CPU.ActiveCfg = Release|Any CPU
		{C9E39145-B36C-4676-9768-904CDFD0BB80}.Release|Any CPU.Build.0 = Release|Any CPU
		{CB22D916-CCF4-458F-8E3C-55B8AFB6E87F}.Debug|Any CPU.ActiveCfg = Debug|Any CPU
		{CB22D916-CCF4-458F-8E3C-55B8AFB6E87F}.Debug|Any CPU.Build.0 = Debug|Any CPU
		{CB22D916-CCF4-458F-8E3C-55B8AFB6E87F}.Release|Any CPU.ActiveCfg = Release|Any CPU
		{CB22D916-CCF4-458F-8E3C-55B8AFB6E87F}.Release|Any CPU.Build.0 = Release|Any CPU
		{8346CA7F-1827-4AF1-8842-114702C9DC36}.Debug|Any CPU.ActiveCfg = Debug|Any CPU
		{8346CA7F-1827-4AF1-8842-114702C9DC36}.Debug|Any CPU.Build.0 = Debug|Any CPU
		{8346CA7F-1827-4AF1-8842-114702C9DC36}.Release|Any CPU.ActiveCfg = Release|Any CPU
		{8346CA7F-1827-4AF1-8842-114702C9DC36}.Release|Any CPU.Build.0 = Release|Any CPU
		{086EF1E5-658D-4456-AD5C-D7A59CFAA668}.Debug|Any CPU.ActiveCfg = Debug|Any CPU
		{086EF1E5-658D-4456-AD5C-D7A59CFAA668}.Debug|Any CPU.Build.0 = Debug|Any CPU
		{086EF1E5-658D-4456-AD5C-D7A59CFAA668}.Release|Any CPU.ActiveCfg = Release|Any CPU
		{086EF1E5-658D-4456-AD5C-D7A59CFAA668}.Release|Any CPU.Build.0 = Release|Any CPU
		{3B840DCB-68E0-405F-B9F5-F984C6E00665}.Debug|Any CPU.ActiveCfg = Debug|Any CPU
		{3B840DCB-68E0-405F-B9F5-F984C6E00665}.Debug|Any CPU.Build.0 = Debug|Any CPU
		{3B840DCB-68E0-405F-B9F5-F984C6E00665}.Release|Any CPU.ActiveCfg = Release|Any CPU
		{3B840DCB-68E0-405F-B9F5-F984C6E00665}.Release|Any CPU.Build.0 = Release|Any CPU
		{4A499484-AA58-4847-9EE4-2CFCB24A08BC}.Debug|Any CPU.ActiveCfg = Debug|Any CPU
		{4A499484-AA58-4847-9EE4-2CFCB24A08BC}.Debug|Any CPU.Build.0 = Debug|Any CPU
		{4A499484-AA58-4847-9EE4-2CFCB24A08BC}.Release|Any CPU.ActiveCfg = Release|Any CPU
		{4A499484-AA58-4847-9EE4-2CFCB24A08BC}.Release|Any CPU.Build.0 = Release|Any CPU
		{0FCB28AA-BFED-4992-8516-073847F57B10}.Debug|Any CPU.ActiveCfg = Debug|Any CPU
		{0FCB28AA-BFED-4992-8516-073847F57B10}.Debug|Any CPU.Build.0 = Debug|Any CPU
		{0FCB28AA-BFED-4992-8516-073847F57B10}.Release|Any CPU.ActiveCfg = Release|Any CPU
		{0FCB28AA-BFED-4992-8516-073847F57B10}.Release|Any CPU.Build.0 = Release|Any CPU
		{C1A4CCD3-7EF9-4DAE-A807-8E746DFBFB6B}.Debug|Any CPU.ActiveCfg = Debug|Any CPU
		{C1A4CCD3-7EF9-4DAE-A807-8E746DFBFB6B}.Debug|Any CPU.Build.0 = Debug|Any CPU
		{C1A4CCD3-7EF9-4DAE-A807-8E746DFBFB6B}.Release|Any CPU.ActiveCfg = Release|Any CPU
		{C1A4CCD3-7EF9-4DAE-A807-8E746DFBFB6B}.Release|Any CPU.Build.0 = Release|Any CPU
		{6305ED09-F810-4C8E-BC5C-90863833D67C}.Debug|Any CPU.ActiveCfg = Debug|Any CPU
		{6305ED09-F810-4C8E-BC5C-90863833D67C}.Debug|Any CPU.Build.0 = Debug|Any CPU
		{6305ED09-F810-4C8E-BC5C-90863833D67C}.Release|Any CPU.ActiveCfg = Release|Any CPU
		{6305ED09-F810-4C8E-BC5C-90863833D67C}.Release|Any CPU.Build.0 = Release|Any CPU
		{9776FE58-14C5-487E-B88C-146313BB65E4}.Debug|Any CPU.ActiveCfg = Debug|Any CPU
		{9776FE58-14C5-487E-B88C-146313BB65E4}.Debug|Any CPU.Build.0 = Debug|Any CPU
		{9776FE58-14C5-487E-B88C-146313BB65E4}.Release|Any CPU.ActiveCfg = Release|Any CPU
		{9776FE58-14C5-487E-B88C-146313BB65E4}.Release|Any CPU.Build.0 = Release|Any CPU
		{6D8F4C74-2053-4381-9D52-D02AC13ACDEB}.Debug|Any CPU.ActiveCfg = Debug|Any CPU
		{6D8F4C74-2053-4381-9D52-D02AC13ACDEB}.Debug|Any CPU.Build.0 = Debug|Any CPU
		{6D8F4C74-2053-4381-9D52-D02AC13ACDEB}.Release|Any CPU.ActiveCfg = Release|Any CPU
		{6D8F4C74-2053-4381-9D52-D02AC13ACDEB}.Release|Any CPU.Build.0 = Release|Any CPU
		{9DAD8AB0-76E3-4491-A9B5-E89EEF829F16}.Debug|Any CPU.ActiveCfg = Debug|Any CPU
		{9DAD8AB0-76E3-4491-A9B5-E89EEF829F16}.Debug|Any CPU.Build.0 = Debug|Any CPU
		{9DAD8AB0-76E3-4491-A9B5-E89EEF829F16}.Release|Any CPU.ActiveCfg = Release|Any CPU
		{9DAD8AB0-76E3-4491-A9B5-E89EEF829F16}.Release|Any CPU.Build.0 = Release|Any CPU
		{3F9B51F4-263F-428A-86F9-1342E7933084}.Debug|Any CPU.ActiveCfg = Debug|Any CPU
		{3F9B51F4-263F-428A-86F9-1342E7933084}.Debug|Any CPU.Build.0 = Debug|Any CPU
		{3F9B51F4-263F-428A-86F9-1342E7933084}.Release|Any CPU.ActiveCfg = Release|Any CPU
		{3F9B51F4-263F-428A-86F9-1342E7933084}.Release|Any CPU.Build.0 = Release|Any CPU
		{DA2839BD-0E8C-413E-9DFD-6F24B96D11A2}.Debug|Any CPU.ActiveCfg = Debug|Any CPU
		{DA2839BD-0E8C-413E-9DFD-6F24B96D11A2}.Debug|Any CPU.Build.0 = Debug|Any CPU
		{DA2839BD-0E8C-413E-9DFD-6F24B96D11A2}.Release|Any CPU.ActiveCfg = Release|Any CPU
		{DA2839BD-0E8C-413E-9DFD-6F24B96D11A2}.Release|Any CPU.Build.0 = Release|Any CPU
		{75DC3A72-BEA4-4E62-84A7-D72DA0011BE6}.Debug|Any CPU.ActiveCfg = Debug|Any CPU
		{75DC3A72-BEA4-4E62-84A7-D72DA0011BE6}.Debug|Any CPU.Build.0 = Debug|Any CPU
		{75DC3A72-BEA4-4E62-84A7-D72DA0011BE6}.Release|Any CPU.ActiveCfg = Release|Any CPU
		{75DC3A72-BEA4-4E62-84A7-D72DA0011BE6}.Release|Any CPU.Build.0 = Release|Any CPU
		{1FB48406-7E63-4F5B-95D7-66006D6C423E}.Debug|Any CPU.ActiveCfg = Debug|Any CPU
		{1FB48406-7E63-4F5B-95D7-66006D6C423E}.Debug|Any CPU.Build.0 = Debug|Any CPU
		{1FB48406-7E63-4F5B-95D7-66006D6C423E}.Release|Any CPU.ActiveCfg = Release|Any CPU
		{1FB48406-7E63-4F5B-95D7-66006D6C423E}.Release|Any CPU.Build.0 = Release|Any CPU
		{D673FA93-1905-4D54-B37B-A71370A199A2}.Debug|Any CPU.ActiveCfg = Debug|Any CPU
		{D673FA93-1905-4D54-B37B-A71370A199A2}.Debug|Any CPU.Build.0 = Debug|Any CPU
		{D673FA93-1905-4D54-B37B-A71370A199A2}.Release|Any CPU.ActiveCfg = Release|Any CPU
		{D673FA93-1905-4D54-B37B-A71370A199A2}.Release|Any CPU.Build.0 = Release|Any CPU
		{B847F6B7-C518-46FF-9127-08F374F1114A}.Debug|Any CPU.ActiveCfg = Debug|Any CPU
		{B847F6B7-C518-46FF-9127-08F374F1114A}.Debug|Any CPU.Build.0 = Debug|Any CPU
		{B847F6B7-C518-46FF-9127-08F374F1114A}.Release|Any CPU.ActiveCfg = Release|Any CPU
		{B847F6B7-C518-46FF-9127-08F374F1114A}.Release|Any CPU.Build.0 = Release|Any CPU
		{9E795332-2A05-47AB-869B-171B1A8E82EF}.Debug|Any CPU.ActiveCfg = Debug|Any CPU
		{9E795332-2A05-47AB-869B-171B1A8E82EF}.Debug|Any CPU.Build.0 = Debug|Any CPU
		{9E795332-2A05-47AB-869B-171B1A8E82EF}.Release|Any CPU.ActiveCfg = Release|Any CPU
		{9E795332-2A05-47AB-869B-171B1A8E82EF}.Release|Any CPU.Build.0 = Release|Any CPU
		{6D6541BC-3CAD-4C60-B560-1A4F2A043B70}.Debug|Any CPU.ActiveCfg = Debug|Any CPU
		{6D6541BC-3CAD-4C60-B560-1A4F2A043B70}.Debug|Any CPU.Build.0 = Debug|Any CPU
		{6D6541BC-3CAD-4C60-B560-1A4F2A043B70}.Release|Any CPU.ActiveCfg = Release|Any CPU
		{6D6541BC-3CAD-4C60-B560-1A4F2A043B70}.Release|Any CPU.Build.0 = Release|Any CPU
		{86DFFE30-59F9-48E2-8EBE-2532D2F6EE4A}.Debug|Any CPU.ActiveCfg = Debug|Any CPU
		{86DFFE30-59F9-48E2-8EBE-2532D2F6EE4A}.Debug|Any CPU.Build.0 = Debug|Any CPU
		{86DFFE30-59F9-48E2-8EBE-2532D2F6EE4A}.Release|Any CPU.ActiveCfg = Release|Any CPU
		{86DFFE30-59F9-48E2-8EBE-2532D2F6EE4A}.Release|Any CPU.Build.0 = Release|Any CPU
		{B5199B81-6236-4E03-B759-C2D0360FDE22}.Debug|Any CPU.ActiveCfg = Debug|Any CPU
		{B5199B81-6236-4E03-B759-C2D0360FDE22}.Debug|Any CPU.Build.0 = Debug|Any CPU
		{B5199B81-6236-4E03-B759-C2D0360FDE22}.Release|Any CPU.ActiveCfg = Release|Any CPU
		{B5199B81-6236-4E03-B759-C2D0360FDE22}.Release|Any CPU.Build.0 = Release|Any CPU
		{38265F65-D8AC-4750-980F-0E64C106EA47}.Debug|Any CPU.ActiveCfg = Debug|Any CPU
		{38265F65-D8AC-4750-980F-0E64C106EA47}.Debug|Any CPU.Build.0 = Debug|Any CPU
		{38265F65-D8AC-4750-980F-0E64C106EA47}.Release|Any CPU.ActiveCfg = Release|Any CPU
		{38265F65-D8AC-4750-980F-0E64C106EA47}.Release|Any CPU.Build.0 = Release|Any CPU
		{41C4EFB7-F9FA-4AC1-825A-0187CFC013C1}.Debug|Any CPU.ActiveCfg = Debug|Any CPU
		{41C4EFB7-F9FA-4AC1-825A-0187CFC013C1}.Debug|Any CPU.Build.0 = Debug|Any CPU
		{41C4EFB7-F9FA-4AC1-825A-0187CFC013C1}.Release|Any CPU.ActiveCfg = Release|Any CPU
		{41C4EFB7-F9FA-4AC1-825A-0187CFC013C1}.Release|Any CPU.Build.0 = Release|Any CPU
		{4524C3A7-A7E0-4120-8ED0-10658AF027D2}.Debug|Any CPU.ActiveCfg = Debug|Any CPU
		{4524C3A7-A7E0-4120-8ED0-10658AF027D2}.Debug|Any CPU.Build.0 = Debug|Any CPU
		{4524C3A7-A7E0-4120-8ED0-10658AF027D2}.Release|Any CPU.ActiveCfg = Release|Any CPU
		{4524C3A7-A7E0-4120-8ED0-10658AF027D2}.Release|Any CPU.Build.0 = Release|Any CPU
		{779381D4-C3A4-450C-9B6B-ED4D3A537BB6}.Debug|Any CPU.ActiveCfg = Debug|Any CPU
		{779381D4-C3A4-450C-9B6B-ED4D3A537BB6}.Debug|Any CPU.Build.0 = Debug|Any CPU
		{779381D4-C3A4-450C-9B6B-ED4D3A537BB6}.Release|Any CPU.ActiveCfg = Release|Any CPU
		{779381D4-C3A4-450C-9B6B-ED4D3A537BB6}.Release|Any CPU.Build.0 = Release|Any CPU
		{8DD96320-B550-4C1A-9BFB-2AFFDFEAF91E}.Debug|Any CPU.ActiveCfg = Debug|Any CPU
		{8DD96320-B550-4C1A-9BFB-2AFFDFEAF91E}.Debug|Any CPU.Build.0 = Debug|Any CPU
		{8DD96320-B550-4C1A-9BFB-2AFFDFEAF91E}.Release|Any CPU.ActiveCfg = Release|Any CPU
		{8DD96320-B550-4C1A-9BFB-2AFFDFEAF91E}.Release|Any CPU.Build.0 = Release|Any CPU
		{072AC334-BD26-417E-B63F-BCBD2A033CDD}.Debug|Any CPU.ActiveCfg = Debug|Any CPU
		{072AC334-BD26-417E-B63F-BCBD2A033CDD}.Debug|Any CPU.Build.0 = Debug|Any CPU
		{072AC334-BD26-417E-B63F-BCBD2A033CDD}.Release|Any CPU.ActiveCfg = Release|Any CPU
		{072AC334-BD26-417E-B63F-BCBD2A033CDD}.Release|Any CPU.Build.0 = Release|Any CPU
		{7515FD4B-3EC6-4646-BC57-1D54B3F6A929}.Debug|Any CPU.ActiveCfg = Debug|Any CPU
		{7515FD4B-3EC6-4646-BC57-1D54B3F6A929}.Debug|Any CPU.Build.0 = Debug|Any CPU
		{7515FD4B-3EC6-4646-BC57-1D54B3F6A929}.Release|Any CPU.ActiveCfg = Release|Any CPU
		{7515FD4B-3EC6-4646-BC57-1D54B3F6A929}.Release|Any CPU.Build.0 = Release|Any CPU
	EndGlobalSection
	GlobalSection(SolutionProperties) = preSolution
		HideSolutionNode = FALSE
	EndGlobalSection
	GlobalSection(ExtensibilityGlobals) = postSolution
		SolutionGuid = {B41884BA-E79B-44F5-9633-A7CA0FAF3328}
	EndGlobalSection
EndGlobal
